Microsoft Visual Studio Solution File, Format Version 12.00
# Visual Studio Version 17
VisualStudioVersion = 17.8.34309.116
MinimumVisualStudioVersion = 10.0.40219.1
Project("{9A19103F-16F7-4668-BE54-9A1E7A4F7556}") = "Presentation", "Presentation\Presentation.csproj", "{568AF4AA-9B50-41FB-9FD0-052EF46E5D4C}"
EndProject
Project("{9A19103F-16F7-4668-BE54-9A1E7A4F7556}") = "Contracts", "Contracts\Contracts.csproj", "{E75DD485-5AB0-4D90-A107-F33799530B27}"
EndProject
Project("{9A19103F-16F7-4668-BE54-9A1E7A4F7556}") = "Application", "Application\Application.csproj", "{14F3EA83-3959-44BA-AAE6-067C7B5AF828}"
EndProject
Project("{9A19103F-16F7-4668-BE54-9A1E7A4F7556}") = "Domain", "Domain\Domain.csproj", "{93892DB3-7927-48E0-ABD4-E00C4551F069}"
EndProject
Project("{9A19103F-16F7-4668-BE54-9A1E7A4F7556}") = "Infrastructure", "Infrastructure\Infrastructure.csproj", "{67F2C31D-39DA-4E98-9F1E-18F02112BBD0}"
EndProject
Project("{FAE04EC0-301F-11D3-BF4B-00C04F79EFBC}") = "SharedKernel", "SharedKernel\SharedKernel.csproj", "{8E8AFB45-FF6F-4793-9370-13677CD7D1AB}"
EndProject
Global
	GlobalSection(SolutionConfigurationPlatforms) = preSolution
		Debug|Any CPU = Debug|Any CPU
		Release|Any CPU = Release|Any CPU
	EndGlobalSection
	GlobalSection(ProjectConfigurationPlatforms) = postSolution
		{568AF4AA-9B50-41FB-9FD0-052EF46E5D4C}.Debug|Any CPU.ActiveCfg = Debug|Any CPU
		{568AF4AA-9B50-41FB-9FD0-052EF46E5D4C}.Debug|Any CPU.Build.0 = Debug|Any CPU
		{568AF4AA-9B50-41FB-9FD0-052EF46E5D4C}.Release|Any CPU.ActiveCfg = Release|Any CPU
		{568AF4AA-9B50-41FB-9FD0-052EF46E5D4C}.Release|Any CPU.Build.0 = Release|Any CPU
		{E75DD485-5AB0-4D90-A107-F33799530B27}.Debug|Any CPU.ActiveCfg = Debug|Any CPU
		{E75DD485-5AB0-4D90-A107-F33799530B27}.Debug|Any CPU.Build.0 = Debug|Any CPU
		{E75DD485-5AB0-4D90-A107-F33799530B27}.Release|Any CPU.ActiveCfg = Release|Any CPU
		{E75DD485-5AB0-4D90-A107-F33799530B27}.Release|Any CPU.Build.0 = Release|Any CPU
		{14F3EA83-3959-44BA-AAE6-067C7B5AF828}.Debug|Any CPU.ActiveCfg = Debug|Any CPU
		{14F3EA83-3959-44BA-AAE6-067C7B5AF828}.Debug|Any CPU.Build.0 = Debug|Any CPU
		{14F3EA83-3959-44BA-AAE6-067C7B5AF828}.Release|Any CPU.ActiveCfg = Release|Any CPU
		{14F3EA83-3959-44BA-AAE6-067C7B5AF828}.Release|Any CPU.Build.0 = Release|Any CPU
		{93892DB3-7927-48E0-ABD4-E00C4551F069}.Debug|Any CPU.ActiveCfg = Debug|Any CPU
		{93892DB3-7927-48E0-ABD4-E00C4551F069}.Debug|Any CPU.Build.0 = Debug|Any CPU
		{93892DB3-7927-48E0-ABD4-E00C4551F069}.Release|Any CPU.ActiveCfg = Release|Any CPU
		{93892DB3-7927-48E0-ABD4-E00C4551F069}.Release|Any CPU.Build.0 = Release|Any CPU
		{67F2C31D-39DA-4E98-9F1E-18F02112BBD0}.Debug|Any CPU.ActiveCfg = Debug|Any CPU
		{67F2C31D-39DA-4E98-9F1E-18F02112BBD0}.Debug|Any CPU.Build.0 = Debug|Any CPU
		{67F2C31D-39DA-4E98-9F1E-18F02112BBD0}.Release|Any CPU.ActiveCfg = Release|Any CPU
		{67F2C31D-39DA-4E98-9F1E-18F02112BBD0}.Release|Any CPU.Build.0 = Release|Any CPU
		{8E8AFB45-FF6F-4793-9370-13677CD7D1AB}.Debug|Any CPU.ActiveCfg = Debug|Any CPU
		{8E8AFB45-FF6F-4793-9370-13677CD7D1AB}.Debug|Any CPU.Build.0 = Debug|Any CPU
		{8E8AFB45-FF6F-4793-9370-13677CD7D1AB}.Release|Any CPU.ActiveCfg = Release|Any CPU
		{8E8AFB45-FF6F-4793-9370-13677CD7D1AB}.Release|Any CPU.Build.0 = Release|Any CPU
	EndGlobalSection
	GlobalSection(SolutionProperties) = preSolution
		HideSolutionNode = FALSE
	EndGlobalSection
	GlobalSection(ExtensibilityGlobals) = postSolution
		SolutionGuid = {8FBF2DF8-55DD-4C39-B807-7F632CAADE39}
	EndGlobalSection
EndGlobal
