
Microsoft Visual Studio Solution File, Format Version 12.00
# Visual Studio Version 17
VisualStudioVersion = 17.0.31903.59
MinimumVisualStudioVersion = 10.0.40219.1
Project("{2150E333-8FDC-42A3-9474-1A3956D46DE8}") = "src", "src", "{860F2AD7-4E3D-4E86-8376-002AEBF50556}"
EndProject
Project("{9A19103F-16F7-4668-BE54-9A1E7A4F7556}") = "Application", "src\Application\Application.csproj", "{AC52C839-E5CA-4B4C-BEDD-E31318419C75}"
EndProject
Project("{9A19103F-16F7-4668-BE54-9A1E7A4F7556}") = "Contracts", "src\Contracts\Contracts.csproj", "{A72E167A-5278-452E-B995-E16D7C0F6C4E}"
EndProject
Project("{9A19103F-16F7-4668-BE54-9A1E7A4F7556}") = "Domain", "src\Domain\Domain.csproj", "{DDC1597C-5660-4B92-9B87-0D6F176D6568}"
EndProject
Project("{9A19103F-16F7-4668-BE54-9A1E7A4F7556}") = "Infrastructure", "src\Infrastructure\Infrastructure.csproj", "{B36FE31E-8E3D-4E3A-9A9A-88DD0C26D8D3}"
EndProject
Project("{9A19103F-16F7-4668-BE54-9A1E7A4F7556}") = "Presentation", "src\Presentation\Presentation.csproj", "{F2557881-EC24-4FF0-B336-5CC3FBE89AC8}"
EndProject
Project("{9A19103F-16F7-4668-BE54-9A1E7A4F7556}") = "SharedKernel", "src\SharedKernel\SharedKernel.csproj", "{E0A2C57B-ABAA-4240-8C45-208314BF1EB8}"
EndProject
Project("{2150E333-8FDC-42A3-9474-1A3956D46DE8}") = "tests", "tests", "{F7455D13-D82F-4303-B17A-EE3C06C35079}"
EndProject
Project("{2150E333-8FDC-42A3-9474-1A3956D46DE8}") = "UnitTests", "UnitTests", "{E21D5780-6835-4995-A050-65EFDD7E8CD4}"
EndProject
Project("{9A19103F-16F7-4668-BE54-9A1E7A4F7556}") = "Domain.UnitTests", "tests\UnitTests\Domain.UnitTests\Domain.UnitTests.csproj", "{99D3531F-4058-4464-B330-3EB8D273BEB2}"
EndProject
Project("{2150E333-8FDC-42A3-9474-1A3956D46DE8}") = "ArchitectureTests", "ArchitectureTests", "{3C483854-EB1C-4819-82A1-CF98F2C6E4AE}"
EndProject
Project("{9A19103F-16F7-4668-BE54-9A1E7A4F7556}") = "ArchitectureTests", "tests\ArchitectureTests\ArchitectureTests\ArchitectureTests.csproj", "{A84C2B0D-8C25-4B92-96BD-7E549D629A58}"
EndProject
Global
	GlobalSection(SolutionConfigurationPlatforms) = preSolution
		Debug|Any CPU = Debug|Any CPU
		Release|Any CPU = Release|Any CPU
	EndGlobalSection
	GlobalSection(ProjectConfigurationPlatforms) = postSolution
		{AC52C839-E5CA-4B4C-BEDD-E31318419C75}.Debug|Any CPU.ActiveCfg = Debug|Any CPU
		{AC52C839-E5CA-4B4C-BEDD-E31318419C75}.Debug|Any CPU.Build.0 = Debug|Any CPU
		{AC52C839-E5CA-4B4C-BEDD-E31318419C75}.Release|Any CPU.ActiveCfg = Release|Any CPU
		{AC52C839-E5CA-4B4C-BEDD-E31318419C75}.Release|Any CPU.Build.0 = Release|Any CPU
		{A72E167A-5278-452E-B995-E16D7C0F6C4E}.Debug|Any CPU.ActiveCfg = Debug|Any CPU
		{A72E167A-5278-452E-B995-E16D7C0F6C4E}.Debug|Any CPU.Build.0 = Debug|Any CPU
		{A72E167A-5278-452E-B995-E16D7C0F6C4E}.Release|Any CPU.ActiveCfg = Release|Any CPU
		{A72E167A-5278-452E-B995-E16D7C0F6C4E}.Release|Any CPU.Build.0 = Release|Any CPU
		{DDC1597C-5660-4B92-9B87-0D6F176D6568}.Debug|Any CPU.ActiveCfg = Debug|Any CPU
		{DDC1597C-5660-4B92-9B87-0D6F176D6568}.Debug|Any CPU.Build.0 = Debug|Any CPU
		{DDC1597C-5660-4B92-9B87-0D6F176D6568}.Release|Any CPU.ActiveCfg = Release|Any CPU
		{DDC1597C-5660-4B92-9B87-0D6F176D6568}.Release|Any CPU.Build.0 = Release|Any CPU
		{B36FE31E-8E3D-4E3A-9A9A-88DD0C26D8D3}.Debug|Any CPU.ActiveCfg = Debug|Any CPU
		{B36FE31E-8E3D-4E3A-9A9A-88DD0C26D8D3}.Debug|Any CPU.Build.0 = Debug|Any CPU
		{B36FE31E-8E3D-4E3A-9A9A-88DD0C26D8D3}.Release|Any CPU.ActiveCfg = Release|Any CPU
		{B36FE31E-8E3D-4E3A-9A9A-88DD0C26D8D3}.Release|Any CPU.Build.0 = Release|Any CPU
		{F2557881-EC24-4FF0-B336-5CC3FBE89AC8}.Debug|Any CPU.ActiveCfg = Debug|Any CPU
		{F2557881-EC24-4FF0-B336-5CC3FBE89AC8}.Debug|Any CPU.Build.0 = Debug|Any CPU
		{F2557881-EC24-4FF0-B336-5CC3FBE89AC8}.Release|Any CPU.ActiveCfg = Release|Any CPU
		{F2557881-EC24-4FF0-B336-5CC3FBE89AC8}.Release|Any CPU.Build.0 = Release|Any CPU
		{E0A2C57B-ABAA-4240-8C45-208314BF1EB8}.Debug|Any CPU.ActiveCfg = Debug|Any CPU
		{E0A2C57B-ABAA-4240-8C45-208314BF1EB8}.Debug|Any CPU.Build.0 = Debug|Any CPU
		{E0A2C57B-ABAA-4240-8C45-208314BF1EB8}.Release|Any CPU.ActiveCfg = Release|Any CPU
		{E0A2C57B-ABAA-4240-8C45-208314BF1EB8}.Release|Any CPU.Build.0 = Release|Any CPU
		{99D3531F-4058-4464-B330-3EB8D273BEB2}.Debug|Any CPU.ActiveCfg = Debug|Any CPU
		{99D3531F-4058-4464-B330-3EB8D273BEB2}.Debug|Any CPU.Build.0 = Debug|Any CPU
		{99D3531F-4058-4464-B330-3EB8D273BEB2}.Release|Any CPU.ActiveCfg = Release|Any CPU
		{99D3531F-4058-4464-B330-3EB8D273BEB2}.Release|Any CPU.Build.0 = Release|Any CPU
		{A84C2B0D-8C25-4B92-96BD-7E549D629A58}.Debug|Any CPU.ActiveCfg = Debug|Any CPU
		{A84C2B0D-8C25-4B92-96BD-7E549D629A58}.Debug|Any CPU.Build.0 = Debug|Any CPU
		{A84C2B0D-8C25-4B92-96BD-7E549D629A58}.Release|Any CPU.ActiveCfg = Release|Any CPU
		{A84C2B0D-8C25-4B92-96BD-7E549D629A58}.Release|Any CPU.Build.0 = Release|Any CPU
	EndGlobalSection
	GlobalSection(SolutionProperties) = preSolution
		HideSolutionNode = FALSE
	EndGlobalSection
	GlobalSection(NestedProjects) = preSolution
		{AC52C839-E5CA-4B4C-BEDD-E31318419C75} = {860F2AD7-4E3D-4E86-8376-002AEBF50556}
		{A72E167A-5278-452E-B995-E16D7C0F6C4E} = {860F2AD7-4E3D-4E86-8376-002AEBF50556}
		{DDC1597C-5660-4B92-9B87-0D6F176D6568} = {860F2AD7-4E3D-4E86-8376-002AEBF50556}
		{B36FE31E-8E3D-4E3A-9A9A-88DD0C26D8D3} = {860F2AD7-4E3D-4E86-8376-002AEBF50556}
		{F2557881-EC24-4FF0-B336-5CC3FBE89AC8} = {860F2AD7-4E3D-4E86-8376-002AEBF50556}
		{E0A2C57B-ABAA-4240-8C45-208314BF1EB8} = {860F2AD7-4E3D-4E86-8376-002AEBF50556}
		{E21D5780-6835-4995-A050-65EFDD7E8CD4} = {F7455D13-D82F-4303-B17A-EE3C06C35079}
		{99D3531F-4058-4464-B330-3EB8D273BEB2} = {E21D5780-6835-4995-A050-65EFDD7E8CD4}
		{3C483854-EB1C-4819-82A1-CF98F2C6E4AE} = {F7455D13-D82F-4303-B17A-EE3C06C35079}
		{A84C2B0D-8C25-4B92-96BD-7E549D629A58} = {3C483854-EB1C-4819-82A1-CF98F2C6E4AE}
	EndGlobalSection
	GlobalSection(ExtensibilityGlobals) = postSolution
		SolutionGuid = {A21E35B1-906B-4CE2-863B-45BD051CEFE1}
	EndGlobalSection
EndGlobal
